
Microsoft Visual Studio Solution File, Format Version 12.00
# Visual Studio Version 17
VisualStudioVersion = 17.9.34607.119
MinimumVisualStudioVersion = 10.0.40219.1
Project("{9A19103F-16F7-4668-BE54-9A1E7A4F7556}") = "Product.Domain", "MarketPlace.Domain\Product.Domain.csproj", "{A8075583-0D7E-46C4-BE5B-2E146A51D68E}"
EndProject
Project("{9A19103F-16F7-4668-BE54-9A1E7A4F7556}") = "Product.Application", "MarketPlace.Application\Product.Application.csproj", "{3740761F-8242-401D-951C-16C2799F7D66}"
EndProject
Project("{9A19103F-16F7-4668-BE54-9A1E7A4F7556}") = "Product.Infrastructure", "MarketPlace.Infrastructure\Product.Infrastructure.csproj", "{9F9D2001-A962-447F-B6F2-99FB132AC42E}"
EndProject
Project("{9A19103F-16F7-4668-BE54-9A1E7A4F7556}") = "Product_Test", "MarketPlace.Test\Product_Test.csproj", "{66D7729F-F733-4B23-9F70-2BE61DEF48B7}"
EndProject
Project("{FAE04EC0-301F-11D3-BF4B-00C04F79EFBC}") = "Product.Api", "Product.Api\Product.Api.csproj", "{6BA460BF-9359-4C09-8F09-52FC28146B58}"
EndProject
Global
	GlobalSection(SolutionConfigurationPlatforms) = preSolution
		Debug|Any CPU = Debug|Any CPU
		Release|Any CPU = Release|Any CPU
	EndGlobalSection
	GlobalSection(ProjectConfigurationPlatforms) = postSolution
		{A8075583-0D7E-46C4-BE5B-2E146A51D68E}.Debug|Any CPU.ActiveCfg = Debug|Any CPU
		{A8075583-0D7E-46C4-BE5B-2E146A51D68E}.Debug|Any CPU.Build.0 = Debug|Any CPU
		{A8075583-0D7E-46C4-BE5B-2E146A51D68E}.Release|Any CPU.ActiveCfg = Release|Any CPU
		{A8075583-0D7E-46C4-BE5B-2E146A51D68E}.Release|Any CPU.Build.0 = Release|Any CPU
		{3740761F-8242-401D-951C-16C2799F7D66}.Debug|Any CPU.ActiveCfg = Debug|Any CPU
		{3740761F-8242-401D-951C-16C2799F7D66}.Debug|Any CPU.Build.0 = Debug|Any CPU
		{3740761F-8242-401D-951C-16C2799F7D66}.Release|Any CPU.ActiveCfg = Release|Any CPU
		{3740761F-8242-401D-951C-16C2799F7D66}.Release|Any CPU.Build.0 = Release|Any CPU
		{9F9D2001-A962-447F-B6F2-99FB132AC42E}.Debug|Any CPU.ActiveCfg = Debug|Any CPU
		{9F9D2001-A962-447F-B6F2-99FB132AC42E}.Debug|Any CPU.Build.0 = Debug|Any CPU
		{9F9D2001-A962-447F-B6F2-99FB132AC42E}.Release|Any CPU.ActiveCfg = Release|Any CPU
		{9F9D2001-A962-447F-B6F2-99FB132AC42E}.Release|Any CPU.Build.0 = Release|Any CPU
		{66D7729F-F733-4B23-9F70-2BE61DEF48B7}.Debug|Any CPU.ActiveCfg = Debug|Any CPU
		{66D7729F-F733-4B23-9F70-2BE61DEF48B7}.Debug|Any CPU.Build.0 = Debug|Any CPU
		{66D7729F-F733-4B23-9F70-2BE61DEF48B7}.Release|Any CPU.ActiveCfg = Release|Any CPU
		{66D7729F-F733-4B23-9F70-2BE61DEF48B7}.Release|Any CPU.Build.0 = Release|Any CPU
		{6BA460BF-9359-4C09-8F09-52FC28146B58}.Debug|Any CPU.ActiveCfg = Debug|Any CPU
		{6BA460BF-9359-4C09-8F09-52FC28146B58}.Debug|Any CPU.Build.0 = Debug|Any CPU
		{6BA460BF-9359-4C09-8F09-52FC28146B58}.Release|Any CPU.ActiveCfg = Release|Any CPU
		{6BA460BF-9359-4C09-8F09-52FC28146B58}.Release|Any CPU.Build.0 = Release|Any CPU
	EndGlobalSection
	GlobalSection(SolutionProperties) = preSolution
		HideSolutionNode = FALSE
	EndGlobalSection
	GlobalSection(ExtensibilityGlobals) = postSolution
		SolutionGuid = {EA4EF604-219F-4555-803A-DED43AE431BC}
	EndGlobalSection
EndGlobal
